
Microsoft Visual Studio Solution File, Format Version 12.00
# Visual Studio Version 16
VisualStudioVersion = 16.0.29905.134
MinimumVisualStudioVersion = 10.0.40219.1
Project("{9A19103F-16F7-4668-BE54-9A1E7A4F7556}") = "API", "API\API.csproj", "{B6C8CBF0-F28F-4A6A-9F9E-2A9987C7A30E}"
EndProject
Project("{9A19103F-16F7-4668-BE54-9A1E7A4F7556}") = "Shared", "..\Shared\Shared\Shared.csproj", "{18BCA473-9ECA-49D4-8174-D088EE65F913}"
EndProject
Project("{9A19103F-16F7-4668-BE54-9A1E7A4F7556}") = "Domain", "Domain\Domain.csproj", "{BCAB2E43-0E5C-442F-BC18-D87F874C84D4}"
EndProject
Project("{9A19103F-16F7-4668-BE54-9A1E7A4F7556}") = "Infrastructure", "Infrastructure\Infrastructure.csproj", "{EC0FB972-6955-44AE-814A-431F8D5F9DBF}"
EndProject
Project("{9A19103F-16F7-4668-BE54-9A1E7A4F7556}") = "Migrations", "..\Migrations\Migrations\Migrations.csproj", "{D8B5E6F4-6924-48E2-B6B7-7375A1507026}"
EndProject
Global
	GlobalSection(SolutionConfigurationPlatforms) = preSolution
		Debug|Any CPU = Debug|Any CPU
		Release|Any CPU = Release|Any CPU
	EndGlobalSection
	GlobalSection(ProjectConfigurationPlatforms) = postSolution
		{B6C8CBF0-F28F-4A6A-9F9E-2A9987C7A30E}.Debug|Any CPU.ActiveCfg = Debug|Any CPU
		{B6C8CBF0-F28F-4A6A-9F9E-2A9987C7A30E}.Debug|Any CPU.Build.0 = Debug|Any CPU
		{B6C8CBF0-F28F-4A6A-9F9E-2A9987C7A30E}.Release|Any CPU.ActiveCfg = Release|Any CPU
		{B6C8CBF0-F28F-4A6A-9F9E-2A9987C7A30E}.Release|Any CPU.Build.0 = Release|Any CPU
		{18BCA473-9ECA-49D4-8174-D088EE65F913}.Debug|Any CPU.ActiveCfg = Debug|Any CPU
		{18BCA473-9ECA-49D4-8174-D088EE65F913}.Debug|Any CPU.Build.0 = Debug|Any CPU
		{18BCA473-9ECA-49D4-8174-D088EE65F913}.Release|Any CPU.ActiveCfg = Release|Any CPU
		{18BCA473-9ECA-49D4-8174-D088EE65F913}.Release|Any CPU.Build.0 = Release|Any CPU
		{BCAB2E43-0E5C-442F-BC18-D87F874C84D4}.Debug|Any CPU.ActiveCfg = Debug|Any CPU
		{BCAB2E43-0E5C-442F-BC18-D87F874C84D4}.Debug|Any CPU.Build.0 = Debug|Any CPU
		{BCAB2E43-0E5C-442F-BC18-D87F874C84D4}.Release|Any CPU.ActiveCfg = Release|Any CPU
		{BCAB2E43-0E5C-442F-BC18-D87F874C84D4}.Release|Any CPU.Build.0 = Release|Any CPU
		{EC0FB972-6955-44AE-814A-431F8D5F9DBF}.Debug|Any CPU.ActiveCfg = Debug|Any CPU
		{EC0FB972-6955-44AE-814A-431F8D5F9DBF}.Debug|Any CPU.Build.0 = Debug|Any CPU
		{EC0FB972-6955-44AE-814A-431F8D5F9DBF}.Release|Any CPU.ActiveCfg = Release|Any CPU
		{EC0FB972-6955-44AE-814A-431F8D5F9DBF}.Release|Any CPU.Build.0 = Release|Any CPU
		{D8B5E6F4-6924-48E2-B6B7-7375A1507026}.Debug|Any CPU.ActiveCfg = Debug|Any CPU
		{D8B5E6F4-6924-48E2-B6B7-7375A1507026}.Debug|Any CPU.Build.0 = Debug|Any CPU
		{D8B5E6F4-6924-48E2-B6B7-7375A1507026}.Release|Any CPU.ActiveCfg = Release|Any CPU
		{D8B5E6F4-6924-48E2-B6B7-7375A1507026}.Release|Any CPU.Build.0 = Release|Any CPU
	EndGlobalSection
	GlobalSection(SolutionProperties) = preSolution
		HideSolutionNode = FALSE
	EndGlobalSection
	GlobalSection(ExtensibilityGlobals) = postSolution
		SolutionGuid = {BD610A0A-C2B8-475E-B68B-D1644F4C0BD8}
	EndGlobalSection
EndGlobal
