
Microsoft Visual Studio Solution File, Format Version 12.00
# Visual Studio Version 16
VisualStudioVersion = 16.0.29905.134
MinimumVisualStudioVersion = 10.0.40219.1
Project("{9A19103F-16F7-4668-BE54-9A1E7A4F7556}") = "API", "API\API.csproj", "{372819A3-936D-4BA2-BBCC-0AF7970E76D4}"
EndProject
Project("{9A19103F-16F7-4668-BE54-9A1E7A4F7556}") = "Domain", "Domain\Domain.csproj", "{7DE75F18-BF3A-4E9C-B86E-C06F12C7AEE4}"
EndProject
Project("{9A19103F-16F7-4668-BE54-9A1E7A4F7556}") = "Shared", "..\Shared\Shared\Shared.csproj", "{B3D6A049-0B16-4906-BBDE-541041B0043F}"
EndProject
Project("{9A19103F-16F7-4668-BE54-9A1E7A4F7556}") = "Infrastructure", "Infrastructure\Infrastructure.csproj", "{2242DD48-51B8-4608-92F1-F6C6F091A35A}"
EndProject
Project("{FAE04EC0-301F-11D3-BF4B-00C04F79EFBC}") = "Domain.Tests", "Domain.Tests\Domain.Tests.csproj", "{F677E122-2B7B-403E-B5BC-48F1012F2057}"
EndProject
Global
	GlobalSection(SolutionConfigurationPlatforms) = preSolution
		Debug|Any CPU = Debug|Any CPU
		Release|Any CPU = Release|Any CPU
	EndGlobalSection
	GlobalSection(ProjectConfigurationPlatforms) = postSolution
		{372819A3-936D-4BA2-BBCC-0AF7970E76D4}.Debug|Any CPU.ActiveCfg = Debug|Any CPU
		{372819A3-936D-4BA2-BBCC-0AF7970E76D4}.Debug|Any CPU.Build.0 = Debug|Any CPU
		{372819A3-936D-4BA2-BBCC-0AF7970E76D4}.Release|Any CPU.ActiveCfg = Release|Any CPU
		{372819A3-936D-4BA2-BBCC-0AF7970E76D4}.Release|Any CPU.Build.0 = Release|Any CPU
		{7DE75F18-BF3A-4E9C-B86E-C06F12C7AEE4}.Debug|Any CPU.ActiveCfg = Debug|Any CPU
		{7DE75F18-BF3A-4E9C-B86E-C06F12C7AEE4}.Debug|Any CPU.Build.0 = Debug|Any CPU
		{7DE75F18-BF3A-4E9C-B86E-C06F12C7AEE4}.Release|Any CPU.ActiveCfg = Release|Any CPU
		{7DE75F18-BF3A-4E9C-B86E-C06F12C7AEE4}.Release|Any CPU.Build.0 = Release|Any CPU
		{B3D6A049-0B16-4906-BBDE-541041B0043F}.Debug|Any CPU.ActiveCfg = Debug|Any CPU
		{B3D6A049-0B16-4906-BBDE-541041B0043F}.Debug|Any CPU.Build.0 = Debug|Any CPU
		{B3D6A049-0B16-4906-BBDE-541041B0043F}.Release|Any CPU.ActiveCfg = Release|Any CPU
		{B3D6A049-0B16-4906-BBDE-541041B0043F}.Release|Any CPU.Build.0 = Release|Any CPU
		{2242DD48-51B8-4608-92F1-F6C6F091A35A}.Debug|Any CPU.ActiveCfg = Debug|Any CPU
		{2242DD48-51B8-4608-92F1-F6C6F091A35A}.Debug|Any CPU.Build.0 = Debug|Any CPU
		{2242DD48-51B8-4608-92F1-F6C6F091A35A}.Release|Any CPU.ActiveCfg = Release|Any CPU
		{2242DD48-51B8-4608-92F1-F6C6F091A35A}.Release|Any CPU.Build.0 = Release|Any CPU
		{F677E122-2B7B-403E-B5BC-48F1012F2057}.Debug|Any CPU.ActiveCfg = Debug|Any CPU
		{F677E122-2B7B-403E-B5BC-48F1012F2057}.Debug|Any CPU.Build.0 = Debug|Any CPU
		{F677E122-2B7B-403E-B5BC-48F1012F2057}.Release|Any CPU.ActiveCfg = Release|Any CPU
		{F677E122-2B7B-403E-B5BC-48F1012F2057}.Release|Any CPU.Build.0 = Release|Any CPU
	EndGlobalSection
	GlobalSection(SolutionProperties) = preSolution
		HideSolutionNode = FALSE
	EndGlobalSection
	GlobalSection(ExtensibilityGlobals) = postSolution
		SolutionGuid = {ED1979C5-220C-4235-A6B2-AD72868BA96D}
	EndGlobalSection
EndGlobal
